
Microsoft Visual Studio Solution File, Format Version 11.00
# Visual Studio 2010
Project("{FAE04EC0-301F-11D3-BF4B-00C04F79EFBC}") = "Postero.VinteUm.Modelo", "Postero.VinteUm.Modelo\Postero.VinteUm.Modelo.csproj", "{CBEFBBB8-1DDA-4A58-A6C1-7F68E56B71C4}"
EndProject
Project("{FAE04EC0-301F-11D3-BF4B-00C04F79EFBC}") = "Postero.VinteUm.Negocio", "Postero.VinteUm.Negocio\Postero.VinteUm.Negocio.csproj", "{23835D7E-6D76-44A2-ADFC-3DF9FEA02AB4}"
EndProject
Project("{FAE04EC0-301F-11D3-BF4B-00C04F79EFBC}") = "Postero.VinteUm.View.WinApp", "Postero.VinteUm.View.WinApp\Postero.VinteUm.View.WinApp.csproj", "{95D30614-1859-4DF8-91D2-30633823D71C}"
EndProject
Global
	GlobalSection(SolutionConfigurationPlatforms) = preSolution
		Debug|Any CPU = Debug|Any CPU
		Debug|Mixed Platforms = Debug|Mixed Platforms
		Debug|x86 = Debug|x86
		Release|Any CPU = Release|Any CPU
		Release|Mixed Platforms = Release|Mixed Platforms
		Release|x86 = Release|x86
	EndGlobalSection
	GlobalSection(ProjectConfigurationPlatforms) = postSolution
		{CBEFBBB8-1DDA-4A58-A6C1-7F68E56B71C4}.Debug|Any CPU.ActiveCfg = Debug|Any CPU
		{CBEFBBB8-1DDA-4A58-A6C1-7F68E56B71C4}.Debug|Any CPU.Build.0 = Debug|Any CPU
		{CBEFBBB8-1DDA-4A58-A6C1-7F68E56B71C4}.Debug|Mixed Platforms.ActiveCfg = Debug|Any CPU
		{CBEFBBB8-1DDA-4A58-A6C1-7F68E56B71C4}.Debug|Mixed Platforms.Build.0 = Debug|Any CPU
		{CBEFBBB8-1DDA-4A58-A6C1-7F68E56B71C4}.Debug|x86.ActiveCfg = Debug|Any CPU
		{CBEFBBB8-1DDA-4A58-A6C1-7F68E56B71C4}.Release|Any CPU.ActiveCfg = Release|Any CPU
		{CBEFBBB8-1DDA-4A58-A6C1-7F68E56B71C4}.Release|Any CPU.Build.0 = Release|Any CPU
		{CBEFBBB8-1DDA-4A58-A6C1-7F68E56B71C4}.Release|Mixed Platforms.ActiveCfg = Release|Any CPU
		{CBEFBBB8-1DDA-4A58-A6C1-7F68E56B71C4}.Release|Mixed Platforms.Build.0 = Release|Any CPU
		{CBEFBBB8-1DDA-4A58-A6C1-7F68E56B71C4}.Release|x86.ActiveCfg = Release|Any CPU
		{23835D7E-6D76-44A2-ADFC-3DF9FEA02AB4}.Debug|Any CPU.ActiveCfg = Debug|Any CPU
		{23835D7E-6D76-44A2-ADFC-3DF9FEA02AB4}.Debug|Any CPU.Build.0 = Debug|Any CPU
		{23835D7E-6D76-44A2-ADFC-3DF9FEA02AB4}.Debug|Mixed Platforms.ActiveCfg = Debug|Any CPU
		{23835D7E-6D76-44A2-ADFC-3DF9FEA02AB4}.Debug|Mixed Platforms.Build.0 = Debug|Any CPU
		{23835D7E-6D76-44A2-ADFC-3DF9FEA02AB4}.Debug|x86.ActiveCfg = Debug|Any CPU
		{23835D7E-6D76-44A2-ADFC-3DF9FEA02AB4}.Release|Any CPU.ActiveCfg = Release|Any CPU
		{23835D7E-6D76-44A2-ADFC-3DF9FEA02AB4}.Release|Any CPU.Build.0 = Release|Any CPU
		{23835D7E-6D76-44A2-ADFC-3DF9FEA02AB4}.Release|Mixed Platforms.ActiveCfg = Release|Any CPU
		{23835D7E-6D76-44A2-ADFC-3DF9FEA02AB4}.Release|Mixed Platforms.Build.0 = Release|Any CPU
		{23835D7E-6D76-44A2-ADFC-3DF9FEA02AB4}.Release|x86.ActiveCfg = Release|Any CPU
		{95D30614-1859-4DF8-91D2-30633823D71C}.Debug|Any CPU.ActiveCfg = Debug|x86
		{95D30614-1859-4DF8-91D2-30633823D71C}.Debug|Mixed Platforms.ActiveCfg = Debug|x86
		{95D30614-1859-4DF8-91D2-30633823D71C}.Debug|Mixed Platforms.Build.0 = Debug|x86
		{95D30614-1859-4DF8-91D2-30633823D71C}.Debug|x86.ActiveCfg = Debug|x86
		{95D30614-1859-4DF8-91D2-30633823D71C}.Debug|x86.Build.0 = Debug|x86
		{95D30614-1859-4DF8-91D2-30633823D71C}.Release|Any CPU.ActiveCfg = Release|x86
		{95D30614-1859-4DF8-91D2-30633823D71C}.Release|Mixed Platforms.ActiveCfg = Release|x86
		{95D30614-1859-4DF8-91D2-30633823D71C}.Release|Mixed Platforms.Build.0 = Release|x86
		{95D30614-1859-4DF8-91D2-30633823D71C}.Release|x86.ActiveCfg = Release|x86
		{95D30614-1859-4DF8-91D2-30633823D71C}.Release|x86.Build.0 = Release|x86
	EndGlobalSection
	GlobalSection(SolutionProperties) = preSolution
		HideSolutionNode = FALSE
	EndGlobalSection
EndGlobal
